<?xml version="1.0" encoding="utf-8"?>
<Project ToolsVersion="4.0" xmlns="http://schemas.microsoft.com/developer/msbuild/2003">
  <ItemGroup>
    <Filter Include="Source Files">
      <UniqueIdentifier>{4FC737F1-C7A5-4376-A066-2A32D752A2FF}</UniqueIdentifier>
      <Extensions>cpp;c;cc;cxx;c++;cppm;ixx;def;odl;idl;hpj;bat;asm;asmx</Extensions>
    </Filter>
    <Filter Include="Header Files">
      <UniqueIdentifier>{93995380-89BD-4b04-88EB-625FBE52EBFB}</UniqueIdentifier>
      <Extensions>h;hh;hpp;hxx;h++;hm;inl;inc;ipp;xsd</Extensions>
    </Filter>
    <Filter Include="Resource Files">
      <UniqueIdentifier>{67DA6AB6-F800-4c08-8B7A-83BB121AAD01}</UniqueIdentifier>
      <Extensions>rc;ico;cur;bmp;dlg;rc2;rct;bin;rgs;gif;jpg;jpeg;jpe;resx;tiff;tif;png;wav;mfcribbon-ms</Extensions>
    </Filter>
    <Filter Include="RadarSDK">
      <UniqueIdentifier>{93379e2a-5c3a-4b8b-8613-d35b04a0be40}</UniqueIdentifier>
    </Filter>
    <Filter Include="RadarSDK\Include">
      <UniqueIdentifier>{600e5db3-abfa-440e-9866-7350201fa294}</UniqueIdentifier>
    </Filter>
    <Filter Include="RadarSDK\Source">
      <UniqueIdentifier>{372aaa5d-e55f-40ac-ab7c-efacdcda6f66}</UniqueIdentifier>
    </Filter>
  </ItemGroup>
  <ItemGroup>
    <ClCompile Include="RadarSimSDK.cpp">
      <Filter>Source Files</Filter>
    </ClCompile>
    <ClCompile Include="CHalo24SimIF.cpp">
      <Filter>Source Files</Filter>
    </ClCompile>
    <ClCompile Include="CBoatSimListener.cpp">
      <Filter>Source Files</Filter>
    </ClCompile>
    <ClCompile Include="IDataIF.cpp">
      <Filter>Source Files</Filter>
    </ClCompile>
    <ClCompile Include="IConnection.cpp">
      <Filter>Source Files</Filter>
    </ClCompile>
    <ClCompile Include="CWinUDPSocket.cpp">
      <Filter>Source Files</Filter>
    </ClCompile>
    <ClCompile Include="Halo24SDK\Source\MultiRadarClient.cpp">
      <Filter>RadarSDK\Source</Filter>
    </ClCompile>
    <ClCompile Include="CHost.cpp">
      <Filter>Source Files</Filter>
    </ClCompile>
  </ItemGroup>
  <ItemGroup>
    <ClInclude Include="CHalo24SimIF.h">
      <Filter>Header Files</Filter>
    </ClInclude>
    <ClInclude Include="Lib\Types\Primitives.h">
      <Filter>Header Files</Filter>
    </ClInclude>
    <ClInclude Include="CBoatSimListener.h">
      <Filter>Header Files</Filter>
    </ClInclude>
    <ClInclude Include="IDataIF.h">
      <Filter>Header Files</Filter>
    </ClInclude>
    <ClInclude Include="IConnection.h">
      <Filter>Header Files</Filter>
    </ClInclude>
    <ClInclude Include="CWinUDPSocket.h">
      <Filter>Header Files</Filter>
    </ClInclude>
    <ClInclude Include="Halo24SDK\include\BytePackOff.h">
      <Filter>RadarSDK\Include</Filter>
    </ClInclude>
    <ClInclude Include="Halo24SDK\include\BytePackOn.h">
      <Filter>RadarSDK\Include</Filter>
    </ClInclude>
    <ClInclude Include="Halo24SDK\include\ClientErrors.h">
      <Filter>RadarSDK\Include</Filter>
    </ClInclude>
    <ClInclude Include="Halo24SDK\include\ExportSDK.h">
      <Filter>RadarSDK\Include</Filter>
    </ClInclude>
    <ClInclude Include="Halo24SDK\include\Feature.h">
      <Filter>RadarSDK\Include</Filter>
    </ClInclude>
    <ClInclude Include="Halo24SDK\include\FeatureManager.h">
      <Filter>RadarSDK\Include</Filter>
    </ClInclude>
    <ClInclude Include="Halo24SDK\include\FeatureObserver.h">
      <Filter>RadarSDK\Include</Filter>
    </ClInclude>
    <ClInclude Include="Halo24SDK\include\ImageClient.h">
      <Filter>RadarSDK\Include</Filter>
    </ClInclude>
    <ClInclude Include="Halo24SDK\include\ImageClientObserver.h">
      <Filter>RadarSDK\Include</Filter>
    </ClInclude>
    <ClInclude Include="Halo24SDK\include\MultiRadarClient.h">
      <Filter>RadarSDK\Include</Filter>
    </ClInclude>
    <ClInclude Include="Halo24SDK\include\NavDefines.h">
      <Filter>RadarSDK\Include</Filter>
    </ClInclude>
    <ClInclude Include="Halo24SDK\include\NavRadarProtocol.h">
      <Filter>RadarSDK\Include</Filter>
    </ClInclude>
    <ClInclude Include="Halo24SDK\include\NavRadarSpoke.h">
      <Filter>RadarSDK\Include</Filter>
    </ClInclude>
    <ClInclude Include="Halo24SDK\include\NavTypes.h">
      <Filter>RadarSDK\Include</Filter>
    </ClInclude>
    <ClInclude Include="Halo24SDK\include\PPIController.h">
      <Filter>RadarSDK\Include</Filter>
    </ClInclude>
    <ClInclude Include="Halo24SDK\include\RadarColourLookUpTable.h">
      <Filter>RadarSDK\Include</Filter>
    </ClInclude>
    <ClInclude Include="Halo24SDK\include\TargetTrackingClient.h">
      <Filter>RadarSDK\Include</Filter>
    </ClInclude>
    <ClInclude Include="Halo24SDK\include\TargetTrackingObserver.h">
      <Filter>RadarSDK\Include</Filter>
    </ClInclude>
    <ClInclude Include="Halo24SDK\include\Version.h">
      <Filter>RadarSDK\Include</Filter>
    </ClInclude>
    <ClInclude Include="Lib\Types\Halo24Types.h">
      <Filter>Header Files</Filter>
    </ClInclude>
    <ClInclude Include="CHost.h">
      <Filter>Header Files</Filter>
    </ClInclude>
  </ItemGroup>
</Project>