
Microsoft Visual Studio Solution File, Format Version 12.00
# Visual Studio Version 17
VisualStudioVersion = 17.6.33801.468
MinimumVisualStudioVersion = 10.0.40219.1
Project("{FAE04EC0-301F-11D3-BF4B-00C04F79EFBC}") = "ConsoleGUI", "ConsoleGUI.csproj", "{C2C02581-148B-4217-85BA-89D89060E54C}"
EndProject
Global
	GlobalSection(SolutionConfigurationPlatforms) = preSolution
		Debug|Any CPU = Debug|Any CPU
		Release|Any CPU = Release|Any CPU
	EndGlobalSection
	GlobalSection(ProjectConfigurationPlatforms) = postSolution
		{C2C02581-148B-4217-85BA-89D89060E54C}.Debug|Any CPU.ActiveCfg = Debug|Any CPU
		{C2C02581-148B-4217-85BA-89D89060E54C}.Debug|Any CPU.Build.0 = Debug|Any CPU
		{C2C02581-148B-4217-85BA-89D89060E54C}.Release|Any CPU.ActiveCfg = Release|Any CPU
		{C2C02581-148B-4217-85BA-89D89060E54C}.Release|Any CPU.Build.0 = Release|Any CPU
	EndGlobalSection
	GlobalSection(SolutionProperties) = preSolution
		HideSolutionNode = FALSE
	EndGlobalSection
	GlobalSection(ExtensibilityGlobals) = postSolution
		SolutionGuid = {4D1F91E5-6FE0-434D-AA5B-8858E5ABB46C}
	EndGlobalSection
EndGlobal
